PODS:
  - AFNetworking (1.3.4)
  - Mantle (1.5.4):
    - Mantle/extobjc (= 1.5.4)
  - Mantle/extobjc (1.5.4)

DEPENDENCIES:
  - AFNetworking (~> 1.3.2)
  - Mantle (~> 1.5)

SPEC CHECKSUMS:
  AFNetworking: cf8e418e16f0c9c7e5c3150d019a3c679d015018
  Mantle: 60acd0cd363e27d945bda0a6b8e90577112d28f3

COCOAPODS: 0.36.0
